
Microsoft Visual Studio Solution File, Format Version 12.00
# Visual Studio 15
VisualStudioVersion = 15.0.27703.2047
MinimumVisualStudioVersion = 10.0.40219.1
Project("{2150E333-8FDC-42A3-9474-1A3956D46DE8}") = "DAL", "DAL", "{CE4AA66E-3C01-4E76-ABD5-4F1ACF0837A4}"
EndProject
Project("{FAE04EC0-301F-11D3-BF4B-00C04F79EFBC}") = "DAL.Core", "DAL\DAL.Core\DAL.Core.csproj", "{F401AAFF-9A18-4EFD-BABB-9D802018F452}"
EndProject
Project("{FAE04EC0-301F-11D3-BF4B-00C04F79EFBC}") = "DAL.Entity", "DAL\DAL.Entity\DAL.Entity.csproj", "{F25B7A25-8A8E-46A1-B90B-7EDA7FD2E799}"
EndProject
Project("{FAE04EC0-301F-11D3-BF4B-00C04F79EFBC}") = "DAL.Repository", "DAL\DAL.Repository\DAL.Repository.csproj", "{58872937-0C08-4BE5-B55A-23E7B64D4082}"
EndProject
Project("{2150E333-8FDC-42A3-9474-1A3956D46DE8}") = "BLL", "BLL", "{26062069-30B5-4B9C-88C4-402FBCE50721}"
EndProject
Project("{2150E333-8FDC-42A3-9474-1A3956D46DE8}") = "UI", "UI", "{9A03DC1C-32E0-4549-916B-D5F2ACEE11A1}"
EndProject
Project("{FAE04EC0-301F-11D3-BF4B-00C04F79EFBC}") = "BLL.Contract", "BLL\BLL.Contract\BLL.Contract.csproj", "{66D531A2-39D4-4D97-966E-227DF0A8FF09}"
EndProject
Project("{FAE04EC0-301F-11D3-BF4B-00C04F79EFBC}") = "BLL.Service", "BLL\BLL.Service\BLL.Service.csproj", "{F7207304-4187-49C1-A225-EA478B808440}"
EndProject
Project("{FAE04EC0-301F-11D3-BF4B-00C04F79EFBC}") = "UI.Api", "UI\UI.Api\UI.Api.csproj", "{8FEE7236-C8DD-40F6-AC88-24CA656A7573}"
EndProject
Project("{FAE04EC0-301F-11D3-BF4B-00C04F79EFBC}") = "DAL.Test", "DAL\DAL.Test\DAL.Test.csproj", "{0D08CFD5-E93A-4918-85F5-869DFE6E8504}"
EndProject
Project("{FAE04EC0-301F-11D3-BF4B-00C04F79EFBC}") = "BLL.Test", "BLL\BLL.Test\BLL.Test.csproj", "{C75A090C-2A0A-4584-B075-F5D176476CEC}"
EndProject
Global
	GlobalSection(SolutionConfigurationPlatforms) = preSolution
		Debug|Any CPU = Debug|Any CPU
		Release|Any CPU = Release|Any CPU
	EndGlobalSection
	GlobalSection(ProjectConfigurationPlatforms) = postSolution
		{F401AAFF-9A18-4EFD-BABB-9D802018F452}.Debug|Any CPU.ActiveCfg = Debug|Any CPU
		{F401AAFF-9A18-4EFD-BABB-9D802018F452}.Debug|Any CPU.Build.0 = Debug|Any CPU
		{F401AAFF-9A18-4EFD-BABB-9D802018F452}.Release|Any CPU.ActiveCfg = Release|Any CPU
		{F401AAFF-9A18-4EFD-BABB-9D802018F452}.Release|Any CPU.Build.0 = Release|Any CPU
		{F25B7A25-8A8E-46A1-B90B-7EDA7FD2E799}.Debug|Any CPU.ActiveCfg = Debug|Any CPU
		{F25B7A25-8A8E-46A1-B90B-7EDA7FD2E799}.Debug|Any CPU.Build.0 = Debug|Any CPU
		{F25B7A25-8A8E-46A1-B90B-7EDA7FD2E799}.Release|Any CPU.ActiveCfg = Release|Any CPU
		{F25B7A25-8A8E-46A1-B90B-7EDA7FD2E799}.Release|Any CPU.Build.0 = Release|Any CPU
		{58872937-0C08-4BE5-B55A-23E7B64D4082}.Debug|Any CPU.ActiveCfg = Debug|Any CPU
		{58872937-0C08-4BE5-B55A-23E7B64D4082}.Debug|Any CPU.Build.0 = Debug|Any CPU
		{58872937-0C08-4BE5-B55A-23E7B64D4082}.Release|Any CPU.ActiveCfg = Release|Any CPU
		{58872937-0C08-4BE5-B55A-23E7B64D4082}.Release|Any CPU.Build.0 = Release|Any CPU
		{66D531A2-39D4-4D97-966E-227DF0A8FF09}.Debug|Any CPU.ActiveCfg = Debug|Any CPU
		{66D531A2-39D4-4D97-966E-227DF0A8FF09}.Debug|Any CPU.Build.0 = Debug|Any CPU
		{66D531A2-39D4-4D97-966E-227DF0A8FF09}.Release|Any CPU.ActiveCfg = Release|Any CPU
		{66D531A2-39D4-4D97-966E-227DF0A8FF09}.Release|Any CPU.Build.0 = Release|Any CPU
		{F7207304-4187-49C1-A225-EA478B808440}.Debug|Any CPU.ActiveCfg = Debug|Any CPU
		{F7207304-4187-49C1-A225-EA478B808440}.Debug|Any CPU.Build.0 = Debug|Any CPU
		{F7207304-4187-49C1-A225-EA478B808440}.Release|Any CPU.ActiveCfg = Release|Any CPU
		{F7207304-4187-49C1-A225-EA478B808440}.Release|Any CPU.Build.0 = Release|Any CPU
		{8FEE7236-C8DD-40F6-AC88-24CA656A7573}.Debug|Any CPU.ActiveCfg = Debug|Any CPU
		{8FEE7236-C8DD-40F6-AC88-24CA656A7573}.Debug|Any CPU.Build.0 = Debug|Any CPU
		{8FEE7236-C8DD-40F6-AC88-24CA656A7573}.Release|Any CPU.ActiveCfg = Release|Any CPU
		{8FEE7236-C8DD-40F6-AC88-24CA656A7573}.Release|Any CPU.Build.0 = Release|Any CPU
		{0D08CFD5-E93A-4918-85F5-869DFE6E8504}.Debug|Any CPU.ActiveCfg = Debug|Any CPU
		{0D08CFD5-E93A-4918-85F5-869DFE6E8504}.Debug|Any CPU.Build.0 = Debug|Any CPU
		{0D08CFD5-E93A-4918-85F5-869DFE6E8504}.Release|Any CPU.ActiveCfg = Release|Any CPU
		{0D08CFD5-E93A-4918-85F5-869DFE6E8504}.Release|Any CPU.Build.0 = Release|Any CPU
		{C75A090C-2A0A-4584-B075-F5D176476CEC}.Debug|Any CPU.ActiveCfg = Debug|Any CPU
		{C75A090C-2A0A-4584-B075-F5D176476CEC}.Debug|Any CPU.Build.0 = Debug|Any CPU
		{C75A090C-2A0A-4584-B075-F5D176476CEC}.Release|Any CPU.ActiveCfg = Release|Any CPU
		{C75A090C-2A0A-4584-B075-F5D176476CEC}.Release|Any CPU.Build.0 = Release|Any CPU
	EndGlobalSection
	GlobalSection(SolutionProperties) = preSolution
		HideSolutionNode = FALSE
	EndGlobalSection
	GlobalSection(NestedProjects) = preSolution
		{F401AAFF-9A18-4EFD-BABB-9D802018F452} = {CE4AA66E-3C01-4E76-ABD5-4F1ACF0837A4}
		{F25B7A25-8A8E-46A1-B90B-7EDA7FD2E799} = {CE4AA66E-3C01-4E76-ABD5-4F1ACF0837A4}
		{58872937-0C08-4BE5-B55A-23E7B64D4082} = {CE4AA66E-3C01-4E76-ABD5-4F1ACF0837A4}
		{66D531A2-39D4-4D97-966E-227DF0A8FF09} = {26062069-30B5-4B9C-88C4-402FBCE50721}
		{F7207304-4187-49C1-A225-EA478B808440} = {26062069-30B5-4B9C-88C4-402FBCE50721}
		{8FEE7236-C8DD-40F6-AC88-24CA656A7573} = {9A03DC1C-32E0-4549-916B-D5F2ACEE11A1}
		{0D08CFD5-E93A-4918-85F5-869DFE6E8504} = {CE4AA66E-3C01-4E76-ABD5-4F1ACF0837A4}
		{C75A090C-2A0A-4584-B075-F5D176476CEC} = {26062069-30B5-4B9C-88C4-402FBCE50721}
	EndGlobalSection
	GlobalSection(ExtensibilityGlobals) = postSolution
		SolutionGuid = {B7E092CA-9628-479B-8DE2-627F1E8D8E6C}
	EndGlobalSection
EndGlobal
